
Microsoft Visual Studio Solution File, Format Version 12.00
# Visual Studio Version 17
VisualStudioVersion = 17.7.34009.444
MinimumVisualStudioVersion = 10.0.40219.1
Project("{FAE04EC0-301F-11D3-BF4B-00C04F79EFBC}") = "AccesoDatos", "AccesoDatos\AccesoDatos.csproj", "{880A0A35-ED0A-4EF8-9F88-918EAAE0A9B7}"
EndProject
Project("{FAE04EC0-301F-11D3-BF4B-00C04F79EFBC}") = "WebApi", "WebApi\WebApi.csproj", "{18A6499D-E736-4062-8A49-BC68FD55ED9B}"
EndProject
Global
	GlobalSection(SolutionConfigurationPlatforms) = preSolution
		Debug|Any CPU = Debug|Any CPU
		Release|Any CPU = Release|Any CPU
	EndGlobalSection
	GlobalSection(ProjectConfigurationPlatforms) = postSolution
		{880A0A35-ED0A-4EF8-9F88-918EAAE0A9B7}.Debug|Any CPU.ActiveCfg = Debug|Any CPU
		{880A0A35-ED0A-4EF8-9F88-918EAAE0A9B7}.Debug|Any CPU.Build.0 = Debug|Any CPU
		{880A0A35-ED0A-4EF8-9F88-918EAAE0A9B7}.Release|Any CPU.ActiveCfg = Release|Any CPU
		{880A0A35-ED0A-4EF8-9F88-918EAAE0A9B7}.Release|Any CPU.Build.0 = Release|Any CPU
		{18A6499D-E736-4062-8A49-BC68FD55ED9B}.Debug|Any CPU.ActiveCfg = Debug|Any CPU
		{18A6499D-E736-4062-8A49-BC68FD55ED9B}.Debug|Any CPU.Build.0 = Debug|Any CPU
		{18A6499D-E736-4062-8A49-BC68FD55ED9B}.Release|Any CPU.ActiveCfg = Release|Any CPU
		{18A6499D-E736-4062-8A49-BC68FD55ED9B}.Release|Any CPU.Build.0 = Release|Any CPU
	EndGlobalSection
	GlobalSection(SolutionProperties) = preSolution
		HideSolutionNode = FALSE
	EndGlobalSection
	GlobalSection(ExtensibilityGlobals) = postSolution
		SolutionGuid = {55B51E5B-8FAA-4790-AFC8-8A7833166D84}
	EndGlobalSection
EndGlobal
